
Microsoft Visual Studio Solution File, Format Version 12.00
# Visual Studio Version 16
VisualStudioVersion = 16.0.29326.143
MinimumVisualStudioVersion = 10.0.40219.1
Project("{9A19103F-16F7-4668-BE54-9A1E7A4F7556}") = "SistemaDeInventario", "SistemaDeInventario\SistemaDeInventario.csproj", "{58E88CDB-761B-432A-826E-0892ACC57E85}"
EndProject
Global
	GlobalSection(SolutionConfigurationPlatforms) = preSolution
		Debug|Any CPU = Debug|Any CPU
		Release|Any CPU = Release|Any CPU
	EndGlobalSection
	GlobalSection(ProjectConfigurationPlatforms) = postSolution
		{58E88CDB-761B-432A-826E-0892ACC57E85}.Debug|Any CPU.ActiveCfg = Debug|Any CPU
		{58E88CDB-761B-432A-826E-0892ACC57E85}.Debug|Any CPU.Build.0 = Debug|Any CPU
		{58E88CDB-761B-432A-826E-0892ACC57E85}.Release|Any CPU.ActiveCfg = Release|Any CPU
		{58E88CDB-761B-432A-826E-0892ACC57E85}.Release|Any CPU.Build.0 = Release|Any CPU
	EndGlobalSection
	GlobalSection(SolutionProperties) = preSolution
		HideSolutionNode = FALSE
	EndGlobalSection
	GlobalSection(ExtensibilityGlobals) = postSolution
		SolutionGuid = {251DA6E3-9CDE-438B-92CF-8EDF770C6723}
	EndGlobalSection
EndGlobal
